// !$*UTF8*$!
{
	archiveVersion = 1;
	classes = {
	};
	objectVersion = 48;
	objects = {

/* Begin PBXBuildFile section */
		7B31007A201103470083221C /* AddListViewController.swift in Sources */ = {isa = PBXBuildFile; fileRef = 7B310079201103470083221C /* AddListViewController.swift */; };
		7B338F1F2017962400456F13 /* Lists.swift in Sources */ = {isa = PBXBuildFile; fileRef = 7B338F1E2017962400456F13 /* Lists.swift */; };
		7B80A06B2014D76A000208C3 /* ListTableViewCell.swift in Sources */ = {isa = PBXBuildFile; fileRef = 7B80A06A2014D76A000208C3 /* ListTableViewCell.swift */; };
		7B80A06D2014DD44000208C3 /* ListViewController.swift in Sources */ = {isa = PBXBuildFile; fileRef = 7B80A06C2014DD44000208C3 /* ListViewController.swift */; };
		7B80A06F2014E581000208C3 /* TaskTableViewCell.swift in Sources */ = {isa = PBXBuildFile; fileRef = 7B80A06E2014E581000208C3 /* TaskTableViewCell.swift */; };
		7B80A0712014E5CD000208C3 /* TaskViewController.swift in Sources */ = {isa = PBXBuildFile; fileRef = 7B80A0702014E5CD000208C3 /* TaskViewController.swift */; };
		7BB95C32200BB31C0014DF17 /* AppDelegate.swift in Sources */ = {isa = PBXBuildFile; fileRef = 7BB95C31200BB31C0014DF17 /* AppDelegate.swift */; };
		7BB95C34200BB31C0014DF17 /* MainViewController.swift in Sources */ = {isa = PBXBuildFile; fileRef = 7BB95C33200BB31C0014DF17 /* MainViewController.swift */; };
		7BB95C37200BB31C0014DF17 /* Main.storyboard in Resources */ = {isa = PBXBuildFile; fileRef = 7BB95C35200BB31C0014DF17 /* Main.storyboard */; };
		7BB95C3A200BB31C0014DF17 /* sticky.xcdatamodeld in Sources */ = {isa = PBXBuildFile; fileRef = 7BB95C38200BB31C0014DF17 /* sticky.xcdatamodeld */; };
		7BB95C3C200BB31C0014DF17 /* Assets.xcassets in Resources */ = {isa = PBXBuildFile; fileRef = 7BB95C3B200BB31C0014DF17 /* Assets.xcassets */; };
		7BB95C3F200BB31C0014DF17 /* LaunchScreen.storyboard in Resources */ = {isa = PBXBuildFile; fileRef = 7BB95C3D200BB31C0014DF17 /* LaunchScreen.storyboard */; };
		7BB95C4A200BB31C0014DF17 /* stickyTests.swift in Sources */ = {isa = PBXBuildFile; fileRef = 7BB95C49200BB31C0014DF17 /* stickyTests.swift */; };
		7BB95C55200BB31D0014DF17 /* stickyUITests.swift in Sources */ = {isa = PBXBuildFile; fileRef = 7BB95C54200BB31D0014DF17 /* stickyUITests.swift */; };
		7BDFD9F7201CB61200224735 /* Tasks.swift in Sources */ = {isa = PBXBuildFile; fileRef = 7BDFD9F6201CB61200224735 /* Tasks.swift */; };
/* End PBXBuildFile section */

/* Begin PBXContainerItemProxy section */
		7BB95C46200BB31C0014DF17 /* PBXContainerItemProxy */ = {
			isa = PBXContainerItemProxy;
			containerPortal = 7BB95C26200BB31C0014DF17 /* Project object */;
			proxyType = 1;
			remoteGlobalIDString = 7BB95C2D200BB31C0014DF17;
			remoteInfo = sticky;
		};
		7BB95C51200BB31D0014DF17 /* PBXContainerItemProxy */ = {
			isa = PBXContainerItemProxy;
			containerPortal = 7BB95C26200BB31C0014DF17 /* Project object */;
			proxyType = 1;
			remoteGlobalIDString = 7BB95C2D200BB31C0014DF17;
			remoteInfo = sticky;
		};
/* End PBXContainerItemProxy section */

/* Begin PBXFileReference section */
		7B310079201103470083221C /* AddListViewController.swift */ = {isa = PBXFileReference; lastKnownFileType = sourcecode.swift; path = AddListViewController.swift; sourceTree = "<group>"; };
		7B338F1E2017962400456F13 /* Lists.swift */ = {isa = PBXFileReference; lastKnownFileType = sourcecode.swift; path = Lists.swift; sourceTree = "<group>"; };
		7B80A06A2014D76A000208C3 /* ListTableViewCell.swift */ = {isa = PBXFileReference; lastKnownFileType = sourcecode.swift; path = ListTableViewCell.swift; sourceTree = "<group>"; };
		7B80A06C2014DD44000208C3 /* ListViewController.swift */ = {isa = PBXFileReference; lastKnownFileType = sourcecode.swift; path = ListViewController.swift; sourceTree = "<group>"; };
		7B80A06E2014E581000208C3 /* TaskTableViewCell.swift */ = {isa = PBXFileReference; lastKnownFileType = sourcecode.swift; path = TaskTableViewCell.swift; sourceTree = "<group>"; };
		7B80A0702014E5CD000208C3 /* TaskViewController.swift */ = {isa = PBXFileReference; lastKnownFileType = sourcecode.swift; path = TaskViewController.swift; sourceTree = "<group>"; };
		7BB95C2E200BB31C0014DF17 /* sticky.app */ = {isa = PBXFileReference; explicitFileType = wrapper.application; includeInIndex = 0; path = sticky.app; sourceTree = BUILT_PRODUCTS_DIR; };
		7BB95C31200BB31C0014DF17 /* AppDelegate.swift */ = {isa = PBXFileReference; lastKnownFileType = sourcecode.swift; path = AppDelegate.swift; sourceTree = "<group>"; };
		7BB95C33200BB31C0014DF17 /* MainViewController.swift */ = {isa = PBXFileReference; lastKnownFileType = sourcecode.swift; path = MainViewController.swift; sourceTree = "<group>"; };
		7BB95C36200BB31C0014DF17 /* Base */ = {isa = PBXFileReference; lastKnownFileType = file.storyboard; name = Base; path = Base.lproj/Main.storyboard; sourceTree = "<group>"; };
		7BB95C39200BB31C0014DF17 /* sticky.xcdatamodel */ = {isa = PBXFileReference; lastKnownFileType = wrapper.xcdatamodel; path = sticky.xcdatamodel; sourceTree = "<group>"; };
		7BB95C3B200BB31C0014DF17 /* Assets.xcassets */ = {isa = PBXFileReference; lastKnownFileType = folder.assetcatalog; path = Assets.xcassets; sourceTree = "<group>"; };
		7BB95C3E200BB31C0014DF17 /* Base */ = {isa = PBXFileReference; lastKnownFileType = file.storyboard; name = Base; path = Base.lproj/LaunchScreen.storyboard; sourceTree = "<group>"; };
		7BB95C40200BB31C0014DF17 /* Info.plist */ = {isa = PBXFileReference; lastKnownFileType = text.plist.xml; path = Info.plist; sourceTree = "<group>"; };
		7BB95C45200BB31C0014DF17 /* stickyTests.xctest */ = {isa = PBXFileReference; explicitFileType = wrapper.cfbundle; includeInIndex = 0; path = stickyTests.xctest; sourceTree = BUILT_PRODUCTS_DIR; };
		7BB95C49200BB31C0014DF17 /* stickyTests.swift */ = {isa = PBXFileReference; lastKnownFileType = sourcecode.swift; path = stickyTests.swift; sourceTree = "<group>"; };
		7BB95C4B200BB31D0014DF17 /* Info.plist */ = {isa = PBXFileReference; lastKnownFileType = text.plist.xml; path = Info.plist; sourceTree = "<group>"; };
		7BB95C50200BB31D0014DF17 /* stickyUITests.xctest */ = {isa = PBXFileReference; explicitFileType = wrapper.cfbundle; includeInIndex = 0; path = stickyUITests.xctest; sourceTree = BUILT_PRODUCTS_DIR; };
		7BB95C54200BB31D0014DF17 /* stickyUITests.swift */ = {isa = PBXFileReference; lastKnownFileType = sourcecode.swift; path = stickyUITests.swift; sourceTree = "<group>"; };
		7BB95C56200BB31D0014DF17 /* Info.plist */ = {isa = PBXFileReference; lastKnownFileType = text.plist.xml; path = Info.plist; sourceTree = "<group>"; };
		7BDFD9F6201CB61200224735 /* Tasks.swift */ = {isa = PBXFileReference; lastKnownFileType = sourcecode.swift; path = Tasks.swift; sourceTree = "<group>"; };
/* End PBXFileReference section */

/* Begin PBXFrameworksBuildPhase section */
		7BB95C2B200BB31C0014DF17 /* Frameworks */ = {
			isa = PBXFrameworksBuildPhase;
			buildActionMask = 2147483647;
			files = (
			);
			runOnlyForDeploymentPostprocessing = 0;
		};
		7BB95C42200BB31C0014DF17 /* Frameworks */ = {
			isa = PBXFrameworksBuildPhase;
			buildActionMask = 2147483647;
			files = (
			);
			runOnlyForDeploymentPostprocessing = 0;
		};
		7BB95C4D200BB31D0014DF17 /* Frameworks */ = {
			isa = PBXFrameworksBuildPhase;
			buildActionMask = 2147483647;
			files = (
			);
			runOnlyForDeploymentPostprocessing = 0;
		};
/* End PBXFrameworksBuildPhase section */

/* Begin PBXGroup section */
		7B1ADE24201C6BA80089BDB1 /* Controller */ = {
			isa = PBXGroup;
			children = (
				7BB95C33200BB31C0014DF17 /* MainViewController.swift */,
				7B310079201103470083221C /* AddListViewController.swift */,
				7B80A06C2014DD44000208C3 /* ListViewController.swift */,
				7B80A0702014E5CD000208C3 /* TaskViewController.swift */,
			);
			path = Controller;
			sourceTree = "<group>";
		};
		7B338F1A2017955200456F13 /* Model */ = {
			isa = PBXGroup;
			children = (
				7B338F1E2017962400456F13 /* Lists.swift */,
				7BDFD9F6201CB61200224735 /* Tasks.swift */,
			);
			path = Model;
			sourceTree = "<group>";
		};
		7B338F222017994F00456F13 /* View */ = {
			isa = PBXGroup;
			children = (
				7B80A06A2014D76A000208C3 /* ListTableViewCell.swift */,
				7B80A06E2014E581000208C3 /* TaskTableViewCell.swift */,
			);
			path = View;
			sourceTree = "<group>";
		};
		7BB95C25200BB31C0014DF17 = {
			isa = PBXGroup;
			children = (
				7BB95C30200BB31C0014DF17 /* sticky */,
				7BB95C48200BB31C0014DF17 /* stickyTests */,
				7BB95C53200BB31D0014DF17 /* stickyUITests */,
				7BB95C2F200BB31C0014DF17 /* Products */,
			);
			sourceTree = "<group>";
		};
		7BB95C2F200BB31C0014DF17 /* Products */ = {
			isa = PBXGroup;
			children = (
				7BB95C2E200BB31C0014DF17 /* sticky.app */,
				7BB95C45200BB31C0014DF17 /* stickyTests.xctest */,
				7BB95C50200BB31D0014DF17 /* stickyUITests.xctest */,
			);
			name = Products;
			sourceTree = "<group>";
		};
		7BB95C30200BB31C0014DF17 /* sticky */ = {
			isa = PBXGroup;
			children = (
				7B338F222017994F00456F13 /* View */,
				7B338F1A2017955200456F13 /* Model */,
				7B1ADE24201C6BA80089BDB1 /* Controller */,
				7BB95C31200BB31C0014DF17 /* AppDelegate.swift */,
				7BB95C35200BB31C0014DF17 /* Main.storyboard */,
				7BB95C3B200BB31C0014DF17 /* Assets.xcassets */,
				7BB95C3D200BB31C0014DF17 /* LaunchScreen.storyboard */,
				7BB95C40200BB31C0014DF17 /* Info.plist */,
				7BB95C38200BB31C0014DF17 /* sticky.xcdatamodeld */,
			);
			path = sticky;
			sourceTree = "<group>";
		};
		7BB95C48200BB31C0014DF17 /* stickyTests */ = {
			isa = PBXGroup;
			children = (
				7BB95C49200BB31C0014DF17 /* stickyTests.swift */,
				7BB95C4B200BB31D0014DF17 /* Info.plist */,
			);
			path = stickyTests;
			sourceTree = "<group>";
		};
		7BB95C53200BB31D0014DF17 /* stickyUITests */ = {
			isa = PBXGroup;
			children = (
				7BB95C54200BB31D0014DF17 /* stickyUITests.swift */,
				7BB95C56200BB31D0014DF17 /* Info.plist */,
			);
			path = stickyUITests;
			sourceTree = "<group>";
		};
/* End PBXGroup section */

/* Begin PBXNativeTarget section */
		7BB95C2D200BB31C0014DF17 /* sticky */ = {
			isa = PBXNativeTarget;
			buildConfigurationList = 7BB95C59200BB31D0014DF17 /* Build configuration list for PBXNativeTarget "sticky" */;
			buildPhases = (
				7BB95C2A200BB31C0014DF17 /* Sources */,
				7BB95C2B200BB31C0014DF17 /* Frameworks */,
				7BB95C2C200BB31C0014DF17 /* Resources */,
			);
			buildRules = (
			);
			dependencies = (
			);
			name = sticky;
			productName = sticky;
			productReference = 7BB95C2E200BB31C0014DF17 /* sticky.app */;
			productType = "com.apple.product-type.application";
		};
		7BB95C44200BB31C0014DF17 /* stickyTests */ = {
			isa = PBXNativeTarget;
			buildConfigurationList = 7BB95C5C200BB31D0014DF17 /* Build configuration list for PBXNativeTarget "stickyTests" */;
			buildPhases = (
				7BB95C41200BB31C0014DF17 /* Sources */,
				7BB95C42200BB31C0014DF17 /* Frameworks */,
				7BB95C43200BB31C0014DF17 /* Resources */,
			);
			buildRules = (
			);
			dependencies = (
				7BB95C47200BB31C0014DF17 /* PBXTargetDependency */,
			);
			name = stickyTests;
			productName = stickyTests;
			productReference = 7BB95C45200BB31C0014DF17 /* stickyTests.xctest */;
			productType = "com.apple.product-type.bundle.unit-test";
		};
		7BB95C4F200BB31D0014DF17 /* stickyUITests */ = {
			isa = PBXNativeTarget;
			buildConfigurationList = 7BB95C5F200BB31D0014DF17 /* Build configuration list for PBXNativeTarget "stickyUITests" */;
			buildPhases = (
				7BB95C4C200BB31D0014DF17 /* Sources */,
				7BB95C4D200BB31D0014DF17 /* Frameworks */,
				7BB95C4E200BB31D0014DF17 /* Resources */,
			);
			buildRules = (
			);
			dependencies = (
				7BB95C52200BB31D0014DF17 /* PBXTargetDependency */,
			);
			name = stickyUITests;
			productName = stickyUITests;
			productReference = 7BB95C50200BB31D0014DF17 /* stickyUITests.xctest */;
			productType = "com.apple.product-type.bundle.ui-testing";
		};
/* End PBXNativeTarget section */

/* Begin PBXProject section */
		7BB95C26200BB31C0014DF17 /* Project object */ = {
			isa = PBXProject;
			attributes = {
				LastSwiftUpdateCheck = 0920;
				LastUpgradeCheck = 0920;
				ORGANIZATIONNAME = "Artsiom Sadyryn";
				TargetAttributes = {
					7BB95C2D200BB31C0014DF17 = {
						CreatedOnToolsVersion = 9.2;
						ProvisioningStyle = Automatic;
					};
					7BB95C44200BB31C0014DF17 = {
						CreatedOnToolsVersion = 9.2;
						ProvisioningStyle = Automatic;
						TestTargetID = 7BB95C2D200BB31C0014DF17;
					};
					7BB95C4F200BB31D0014DF17 = {
						CreatedOnToolsVersion = 9.2;
						ProvisioningStyle = Automatic;
						TestTargetID = 7BB95C2D200BB31C0014DF17;
					};
				};
			};
			buildConfigurationList = 7BB95C29200BB31C0014DF17 /* Build configuration list for PBXProject "sticky" */;
			compatibilityVersion = "Xcode 8.0";
			developmentRegion = en;
			hasScannedForEncodings = 0;
			knownRegions = (
				en,
				Base,
			);
			mainGroup = 7BB95C25200BB31C0014DF17;
			productRefGroup = 7BB95C2F200BB31C0014DF17 /* Products */;
			projectDirPath = "";
			projectRoot = "";
			targets = (
				7BB95C2D200BB31C0014DF17 /* sticky */,
				7BB95C44200BB31C0014DF17 /* stickyTests */,
				7BB95C4F200BB31D0014DF17 /* stickyUITests */,
			);
		};
/* End PBXProject section */

/* Begin PBXResourcesBuildPhase section */
		7BB95C2C200BB31C0014DF17 /* Resources */ = {
			isa = PBXResourcesBuildPhase;
			buildActionMask = 2147483647;
			files = (
				7BB95C3F200BB31C0014DF17 /* LaunchScreen.storyboard in Resources */,
				7BB95C3C200BB31C0014DF17 /* Assets.xcassets in Resources */,
				7BB95C37200BB31C0014DF17 /* Main.storyboard in Resources */,
			);
			runOnlyForDeploymentPostprocessing = 0;
		};
		7BB95C43200BB31C0014DF17 /* Resources */ = {
			isa = PBXResourcesBuildPhase;
			buildActionMask = 2147483647;
			files = (
			);
			runOnlyForDeploymentPostprocessing = 0;
		};
		7BB95C4E200BB31D0014DF17 /* Resources */ = {
			isa = PBXResourcesBuildPhase;
			buildActionMask = 2147483647;
			files = (
			);
			runOnlyForDeploymentPostprocessing = 0;
		};
/* End PBXResourcesBuildPhase section */

/* Begin PBXSourcesBuildPhase section */
		7BB95C2A200BB31C0014DF17 /* Sources */ = {
			isa = PBXSourcesBuildPhase;
			buildActionMask = 2147483647;
			files = (
				7B80A06F2014E581000208C3 /* TaskTableViewCell.swift in Sources */,
				7BB95C3A200BB31C0014DF17 /* sticky.xcdatamodeld in Sources */,
				7BB95C34200BB31C0014DF17 /* MainViewController.swift in Sources */,
				7B80A06D2014DD44000208C3 /* ListViewController.swift in Sources */,
				7B31007A201103470083221C /* AddListViewController.swift in Sources */,
				7B80A0712014E5CD000208C3 /* TaskViewController.swift in Sources */,
				7BB95C32200BB31C0014DF17 /* AppDelegate.swift in Sources */,
				7B80A06B2014D76A000208C3 /* ListTableViewCell.swift in Sources */,
				7BDFD9F7201CB61200224735 /* Tasks.swift in Sources */,
				7B338F1F2017962400456F13 /* Lists.swift in Sources */,
			);
			runOnlyForDeploymentPostprocessing = 0;
		};
		7BB95C41200BB31C0014DF17 /* Sources */ = {
			isa = PBXSourcesBuildPhase;
			buildActionMask = 2147483647;
			files = (
				7BB95C4A200BB31C0014DF17 /* stickyTests.swift in Sources */,
			);
			runOnlyForDeploymentPostprocessing = 0;
		};
		7BB95C4C200BB31D0014DF17 /* Sources */ = {
			isa = PBXSourcesBuildPhase;
			buildActionMask = 2147483647;
			files = (
				7BB95C55200BB31D0014DF17 /* stickyUITests.swift in Sources */,
			);
			runOnlyForDeploymentPostprocessing = 0;
		};
/* End PBXSourcesBuildPhase section */

/* Begin PBXTargetDependency section */
		7BB95C47200BB31C0014DF17 /* PBXTargetDependency */ = {
			isa = PBXTargetDependency;
			target = 7BB95C2D200BB31C0014DF17 /* sticky */;
			targetProxy = 7BB95C46200BB31C0014DF17 /* PBXContainerItemProxy */;
		};
		7BB95C52200BB31D0014DF17 /* PBXTargetDependency */ = {
			isa = PBXTargetDependency;
			target = 7BB95C2D200BB31C0014DF17 /* sticky */;
			targetProxy = 7BB95C51200BB31D0014DF17 /* PBXContainerItemProxy */;
		};
/* End PBXTargetDependency section */

/* Begin PBXVariantGroup section */
		7BB95C35200BB31C0014DF17 /* Main.storyboard */ = {
			isa = PBXVariantGroup;
			children = (
				7BB95C36200BB31C0014DF17 /* Base */,
			);
			name = Main.storyboard;
			sourceTree = "<group>";
		};
		7BB95C3D200BB31C0014DF17 /* LaunchScreen.storyboard */ = {
			isa = PBXVariantGroup;
			children = (
				7BB95C3E200BB31C0014DF17 /* Base */,
			);
			name = LaunchScreen.storyboard;
			sourceTree = "<group>";
		};
/* End PBXVariantGroup section */

/* Begin XCBuildConfiguration section */
		7BB95C57200BB31D0014DF17 /* Debug */ = {
			isa = XCBuildConfiguration;
			buildSettings = {
				ALWAYS_SEARCH_USER_PATHS = NO;
				CLANG_ANALYZER_NONNULL = YES;
				CLANG_ANALYZER_NUMBER_OBJECT_CONVERSION = YES_AGGRESSIVE;
				CLANG_CXX_LANGUAGE_STANDARD = "gnu++14";
				CLANG_CXX_LIBRARY = "libc++";
				CLANG_ENABLE_MODULES = YES;
				CLANG_ENABLE_OBJC_ARC = YES;
				CLANG_WARN_BLOCK_CAPTURE_AUTORELEASING = YES;
				CLANG_WARN_BOOL_CONVERSION = YES;
				CLANG_WARN_COMMA = YES;
				CLANG_WARN_CONSTANT_CONVERSION = YES;
				CLANG_WARN_DIRECT_OBJC_ISA_USAGE = YES_ERROR;
				CLANG_WARN_DOCUMENTATION_COMMENTS = YES;
				CLANG_WARN_EMPTY_BODY = YES;
				CLANG_WARN_ENUM_CONVERSION = YES;
				CLANG_WARN_INFINITE_RECURSION = YES;
				CLANG_WARN_INT_CONVERSION = YES;
				CLANG_WARN_NON_LITERAL_NULL_CONVERSION = YES;
				CLANG_WARN_OBJC_LITERAL_CONVERSION = YES;
				CLANG_WARN_OBJC_ROOT_CLASS = YES_ERROR;
				CLANG_WARN_RANGE_LOOP_ANALYSIS = YES;
				CLANG_WARN_STRICT_PROTOTYPES = YES;
				CLANG_WARN_SUSPICIOUS_MOVE = YES;
				CLANG_WARN_UNGUARDED_AVAILABILITY = YES_AGGRESSIVE;
				CLANG_WARN_UNREACHABLE_CODE = YES;
				CLANG_WARN__DUPLICATE_METHOD_MATCH = YES;
				CODE_SIGN_IDENTITY = "iPhone Developer";
				COPY_PHASE_STRIP = NO;
				DEBUG_INFORMATION_FORMAT = dwarf;
				ENABLE_STRICT_OBJC_MSGSEND = YES;
				ENABLE_TESTABILITY = YES;
				GCC_C_LANGUAGE_STANDARD = gnu11;
				GCC_DYNAMIC_NO_PIC = NO;
				GCC_NO_COMMON_BLOCKS = YES;
				GCC_OPTIMIZATION_LEVEL = 0;
				GCC_PREPROCESSOR_DEFINITIONS = (
					"DEBUG=1",
					"$(inherited)",
				);
				GCC_WARN_64_TO_32_BIT_CONVERSION = YES;
				GCC_WARN_ABOUT_RETURN_TYPE = YES_ERROR;
				GCC_WARN_UNDECLARED_SELECTOR = YES;
				GCC_WARN_UNINITIALIZED_AUTOS = YES_AGGRESSIVE;
				GCC_WARN_UNUSED_FUNCTION = YES;
				GCC_WARN_UNUSED_VARIABLE = YES;
				IPHONEOS_DEPLOYMENT_TARGET = 11.2;
				MTL_ENABLE_DEBUG_INFO = YES;
				ONLY_ACTIVE_ARCH = YES;
				SDKROOT = iphoneos;
				SWIFT_ACTIVE_COMPILATION_CONDITIONS = DEBUG;
				SWIFT_OPTIMIZATION_LEVEL = "-Onone";
			};
			name = Debug;
		};
		7BB95C58200BB31D0014DF17 /* Release */ = {
			isa = XCBuildConfiguration;
			buildSettings = {
				ALWAYS_SEARCH_USER_PATHS = NO;
				CLANG_ANALYZER_NONNULL = YES;
				CLANG_ANALYZER_NUMBER_OBJECT_CONVERSION = YES_AGGRESSIVE;
				CLANG_CXX_LANGUAGE_STANDARD = "gnu++14";
				CLANG_CXX_LIBRARY = "libc++";
				CLANG_ENABLE_MODULES = YES;
				CLANG_ENABLE_OBJC_ARC = YES;
				CLANG_WARN_BLOCK_CAPTURE_AUTORELEASING = YES;
				CLANG_WARN_BOOL_CONVERSION = YES;
				CLANG_WARN_COMMA = YES;
				CLANG_WARN_CONSTANT_CONVERSION = YES;
				CLANG_WARN_DIRECT_OBJC_ISA_USAGE = YES_ERROR;
				CLANG_WARN_DOCUMENTATION_COMMENTS = YES;
				CLANG_WARN_EMPTY_BODY = YES;
				CLANG_WARN_ENUM_CONVERSION = YES;
				CLANG_WARN_INFINITE_RECURSION = YES;
				CLANG_WARN_INT_CONVERSION = YES;
				CLANG_WARN_NON_LITERAL_NULL_CONVERSION = YES;
				CLANG_WARN_OBJC_LITERAL_CONVERSION = YES;
				CLANG_WARN_OBJC_ROOT_CLASS = YES_ERROR;
				CLANG_WARN_RANGE_LOOP_ANALYSIS = YES;
				CLANG_WARN_STRICT_PROTOTYPES = YES;
				CLANG_WARN_SUSPICIOUS_MOVE = YES;
				CLANG_WARN_UNGUARDED_AVAILABILITY = YES_AGGRESSIVE;
				CLANG_WARN_UNREACHABLE_CODE = YES;
				CLANG_WARN__DUPLICATE_METHOD_MATCH = YES;
				CODE_SIGN_IDENTITY = "iPhone Developer";
				COPY_PHASE_STRIP = NO;
				DEBUG_INFORMATION_FORMAT = "dwarf-with-dsym";
				ENABLE_NS_ASSERTIONS = NO;
				ENABLE_STRICT_OBJC_MSGSEND = YES;
				GCC_C_LANGUAGE_STANDARD = gnu11;
				GCC_NO_COMMON_BLOCKS = YES;
				GCC_WARN_64_TO_32_BIT_CONVERSION = YES;
				GCC_WARN_ABOUT_RETURN_TYPE = YES_ERROR;
				GCC_WARN_UNDECLARED_SELECTOR = YES;
				GCC_WARN_UNINITIALIZED_AUTOS = YES_AGGRESSIVE;
				GCC_WARN_UNUSED_FUNCTION = YES;
				GCC_WARN_UNUSED_VARIABLE = YES;
				IPHONEOS_DEPLOYMENT_TARGET = 11.2;
				MTL_ENABLE_DEBUG_INFO = NO;
				SDKROOT = iphoneos;
				SWIFT_OPTIMIZATION_LEVEL = "-Owholemodule";
				VALIDATE_PRODUCT = YES;
			};
			name = Release;
		};
		7BB95C5A200BB31D0014DF17 /* Debug */ = {
			isa = XCBuildConfiguration;
			buildSettings = {
				ASSETCATALOG_COMPILER_APPICON_NAME = AppIcon;
				CODE_SIGN_STYLE = Automatic;
				DEVELOPMENT_TEAM = 8LSCB2ZP9M;
				INFOPLIST_FILE = sticky/Info.plist;
				LD_RUNPATH_SEARCH_PATHS = "$(inherited) @executable_path/Frameworks";
				PRODUCT_BUNDLE_IDENTIFIER = io.github.artyomsadyrin.sticky;
				PRODUCT_NAME = "$(TARGET_NAME)";
				SWIFT_VERSION = 4.0;
				TARGETED_DEVICE_FAMILY = "1,2";
			};
			name = Debug;
		};
		7BB95C5B200BB31D0014DF17 /* Release */ = {
			isa = XCBuildConfiguration;
			buildSettings = {
				ASSETCATALOG_COMPILER_APPICON_NAME = AppIcon;
				CODE_SIGN_STYLE = Automatic;
				DEVELOPMENT_TEAM = 8LSCB2ZP9M;
				INFOPLIST_FILE = sticky/Info.plist;
				LD_RUNPATH_SEARCH_PATHS = "$(inherited) @executable_path/Frameworks";
				PRODUCT_BUNDLE_IDENTIFIER = io.github.artyomsadyrin.sticky;
				PRODUCT_NAME = "$(TARGET_NAME)";
				SWIFT_VERSION = 4.0;
				TARGETED_DEVICE_FAMILY = "1,2";
			};
			name = Release;
		};
		7BB95C5D200BB31D0014DF17 /* Debug */ = {
			isa = XCBuildConfiguration;
			buildSettings = {
				ALWAYS_EMBED_SWIFT_STANDARD_LIBRARIES = YES;
				BUNDLE_LOADER = "$(TEST_HOST)";
				CODE_SIGN_STYLE = Automatic;
				DEVELOPMENT_TEAM = 8LSCB2ZP9M;
				INFOPLIST_FILE = stickyTests/Info.plist;
				LD_RUNPATH_SEARCH_PATHS = "$(inherited) @executable_path/Frameworks @loader_path/Frameworks";
				PRODUCT_BUNDLE_IDENTIFIER = io.github.artyomsadyrin.stickyTests;
				PRODUCT_NAME = "$(TARGET_NAME)";
				SWIFT_VERSION = 4.0;
				TARGETED_DEVICE_FAMILY = "1,2";
				TEST_HOST = "$(BUILT_PRODUCTS_DIR)/sticky.app/sticky";
			};
			name = Debug;
		};
		7BB95C5E200BB31D0014DF17 /* Release */ = {
			isa = XCBuildConfiguration;
			buildSettings = {
				ALWAYS_EMBED_SWIFT_STANDARD_LIBRARIES = YES;
				BUNDLE_LOADER = "$(TEST_HOST)";
				CODE_SIGN_STYLE = Automatic;
				DEVELOPMENT_TEAM = 8LSCB2ZP9M;
				INFOPLIST_FILE = stickyTests/Info.plist;
				LD_RUNPATH_SEARCH_PATHS = "$(inherited) @executable_path/Frameworks @loader_path/Frameworks";
				PRODUCT_BUNDLE_IDENTIFIER = io.github.artyomsadyrin.stickyTests;
				PRODUCT_NAME = "$(TARGET_NAME)";
				SWIFT_VERSION = 4.0;
				TARGETED_DEVICE_FAMILY = "1,2";
				TEST_HOST = "$(BUILT_PRODUCTS_DIR)/sticky.app/sticky";
			};
			name = Release;
		};
		7BB95C60200BB31D0014DF17 /* Debug */ = {
			isa = XCBuildConfiguration;
			buildSettings = {
				ALWAYS_EMBED_SWIFT_STANDARD_LIBRARIES = YES;
				CODE_SIGN_STYLE = Automatic;
				DEVELOPMENT_TEAM = 8LSCB2ZP9M;
				INFOPLIST_FILE = stickyUITests/Info.plist;
				LD_RUNPATH_SEARCH_PATHS = "$(inherited) @executable_path/Frameworks @loader_path/Frameworks";
				PRODUCT_BUNDLE_IDENTIFIER = io.github.artyomsadyrin.stickyUITests;
				PRODUCT_NAME = "$(TARGET_NAME)";
				SWIFT_VERSION = 4.0;
				TARGETED_DEVICE_FAMILY = "1,2";
				TEST_TARGET_NAME = sticky;
			};
			name = Debug;
		};
		7BB95C61200BB31D0014DF17 /* Release */ = {
			isa = XCBuildConfiguration;
			buildSettings = {
				ALWAYS_EMBED_SWIFT_STANDARD_LIBRARIES = YES;
				CODE_SIGN_STYLE = Automatic;
				DEVELOPMENT_TEAM = 8LSCB2ZP9M;
				INFOPLIST_FILE = stickyUITests/Info.plist;
				LD_RUNPATH_SEARCH_PATHS = "$(inherited) @executable_path/Frameworks @loader_path/Frameworks";
				PRODUCT_BUNDLE_IDENTIFIER = io.github.artyomsadyrin.stickyUITests;
				PRODUCT_NAME = "$(TARGET_NAME)";
				SWIFT_VERSION = 4.0;
				TARGETED_DEVICE_FAMILY = "1,2";
				TEST_TARGET_NAME = sticky;
			};
			name = Release;
		};
/* End XCBuildConfiguration section */

/* Begin XCConfigurationList section */
		7BB95C29200BB31C0014DF17 /* Build configuration list for PBXProject "sticky" */ = {
			isa = XCConfigurationList;
			buildConfigurations = (
				7BB95C57200BB31D0014DF17 /* Debug */,
				7BB95C58200BB31D0014DF17 /* Release */,
			);
			defaultConfigurationIsVisible = 0;
			defaultConfigurationName = Release;
		};
		7BB95C59200BB31D0014DF17 /* Build configuration list for PBXNativeTarget "sticky" */ = {
			isa = XCConfigurationList;
			buildConfigurations = (
				7BB95C5A200BB31D0014DF17 /* Debug */,
				7BB95C5B200BB31D0014DF17 /* Release */,
			);
			defaultConfigurationIsVisible = 0;
			defaultConfigurationName = Release;
		};
		7BB95C5C200BB31D0014DF17 /* Build configuration list for PBXNativeTarget "stickyTests" */ = {
			isa = XCConfigurationList;
			buildConfigurations = (
				7BB95C5D200BB31D0014DF17 /* Debug */,
				7BB95C5E200BB31D0014DF17 /* Release */,
			);
			defaultConfigurationIsVisible = 0;
			defaultConfigurationName = Release;
		};
		7BB95C5F200BB31D0014DF17 /* Build configuration list for PBXNativeTarget "stickyUITests" */ = {
			isa = XCConfigurationList;
			buildConfigurations = (
				7BB95C60200BB31D0014DF17 /* Debug */,
				7BB95C61200BB31D0014DF17 /* Release */,
			);
			defaultConfigurationIsVisible = 0;
			defaultConfigurationName = Release;
		};
/* End XCConfigurationList section */

/* Begin XCVersionGroup section */
		7BB95C38200BB31C0014DF17 /* sticky.xcdatamodeld */ = {
			isa = XCVersionGroup;
			children = (
				7BB95C39200BB31C0014DF17 /* sticky.xcdatamodel */,
			);
			currentVersion = 7BB95C39200BB31C0014DF17 /* sticky.xcdatamodel */;
			path = sticky.xcdatamodeld;
			sourceTree = "<group>";
			versionGroupType = wrapper.xcdatamodel;
		};
/* End XCVersionGroup section */
	};
	rootObject = 7BB95C26200BB31C0014DF17 /* Project object */;
}
